
Microsoft Visual Studio Solution File, Format Version 12.00
# Visual Studio Version 17
VisualStudioVersion = 17.11.35327.3
MinimumVisualStudioVersion = 10.0.40219.1
Project("{FAE04EC0-301F-11D3-BF4B-00C04F79EFBC}") = "CheckAppInstallStatus", "CheckAppInstallStatus\CheckAppInstallStatus.csproj", "{BFA266D2-C612-4E27-8505-EA90C1113C0A}"
EndProject
Global
	GlobalSection(SolutionConfigurationPlatforms) = preSolution
		Debug|Any CPU = Debug|Any CPU
		Release|Any CPU = Release|Any CPU
	EndGlobalSection
	GlobalSection(ProjectConfigurationPlatforms) = postSolution
		{BFA266D2-C612-4E27-8505-EA90C1113C0A}.Debug|Any CPU.ActiveCfg = Debug|Any CPU
		{BFA266D2-C612-4E27-8505-EA90C1113C0A}.Debug|Any CPU.Build.0 = Debug|Any CPU
		{BFA266D2-C612-4E27-8505-EA90C1113C0A}.Release|Any CPU.ActiveCfg = Release|Any CPU
		{BFA266D2-C612-4E27-8505-EA90C1113C0A}.Release|Any CPU.Build.0 = Release|Any CPU
	EndGlobalSection
	GlobalSection(SolutionProperties) = preSolution
		HideSolutionNode = FALSE
	EndGlobalSection
	GlobalSection(ExtensibilityGlobals) = postSolution
		SolutionGuid = {C83B08DC-CE44-4560-9705-64BC3071E998}
	EndGlobalSection
EndGlobal
